
Microsoft Visual Studio Solution File, Format Version 12.00
# Visual Studio Version 16
VisualStudioVersion = 16.0.31025.194
MinimumVisualStudioVersion = 10.0.40219.1
Project("{9A19103F-16F7-4668-BE54-9A1E7A4F7556}") = "BulkyBook", "BulkyBook\BulkyBook.csproj", "{03DA7657-2CFE-4AA0-B3FF-43229D27871A}"
EndProject
Project("{FAE04EC0-301F-11D3-BF4B-00C04F79EFBC}") = "BulkyBook.DataAccess", "BulkyBook.DataAccess\BulkyBook.DataAccess.csproj", "{7E45D25B-297D-4340-95F8-17DE55452F59}"
EndProject
Project("{FAE04EC0-301F-11D3-BF4B-00C04F79EFBC}") = "BulkyBook.Models", "BulkyBook.Models\BulkyBook.Models.csproj", "{A97EE7DB-2E30-46CB-82E2-DE70D2C9CDB2}"
EndProject
Project("{FAE04EC0-301F-11D3-BF4B-00C04F79EFBC}") = "BulkyBook.Utility", "BulkyBook.Utility\BulkyBook.Utility.csproj", "{3945332B-112B-4308-B87B-E444999D55DC}"
EndProject
Global
	GlobalSection(SolutionConfigurationPlatforms) = preSolution
		Debug|Any CPU = Debug|Any CPU
		Release|Any CPU = Release|Any CPU
	EndGlobalSection
	GlobalSection(ProjectConfigurationPlatforms) = postSolution
		{03DA7657-2CFE-4AA0-B3FF-43229D27871A}.Debug|Any CPU.ActiveCfg = Debug|Any CPU
		{03DA7657-2CFE-4AA0-B3FF-43229D27871A}.Debug|Any CPU.Build.0 = Debug|Any CPU
		{03DA7657-2CFE-4AA0-B3FF-43229D27871A}.Release|Any CPU.ActiveCfg = Release|Any CPU
		{03DA7657-2CFE-4AA0-B3FF-43229D27871A}.Release|Any CPU.Build.0 = Release|Any CPU
		{7E45D25B-297D-4340-95F8-17DE55452F59}.Debug|Any CPU.ActiveCfg = Debug|Any CPU
		{7E45D25B-297D-4340-95F8-17DE55452F59}.Debug|Any CPU.Build.0 = Debug|Any CPU
		{7E45D25B-297D-4340-95F8-17DE55452F59}.Release|Any CPU.ActiveCfg = Release|Any CPU
		{7E45D25B-297D-4340-95F8-17DE55452F59}.Release|Any CPU.Build.0 = Release|Any CPU
		{A97EE7DB-2E30-46CB-82E2-DE70D2C9CDB2}.Debug|Any CPU.ActiveCfg = Debug|Any CPU
		{A97EE7DB-2E30-46CB-82E2-DE70D2C9CDB2}.Debug|Any CPU.Build.0 = Debug|Any CPU
		{A97EE7DB-2E30-46CB-82E2-DE70D2C9CDB2}.Release|Any CPU.ActiveCfg = Release|Any CPU
		{A97EE7DB-2E30-46CB-82E2-DE70D2C9CDB2}.Release|Any CPU.Build.0 = Release|Any CPU
		{3945332B-112B-4308-B87B-E444999D55DC}.Debug|Any CPU.ActiveCfg = Debug|Any CPU
		{3945332B-112B-4308-B87B-E444999D55DC}.Debug|Any CPU.Build.0 = Debug|Any CPU
		{3945332B-112B-4308-B87B-E444999D55DC}.Release|Any CPU.ActiveCfg = Release|Any CPU
		{3945332B-112B-4308-B87B-E444999D55DC}.Release|Any CPU.Build.0 = Release|Any CPU
	EndGlobalSection
	GlobalSection(SolutionProperties) = preSolution
		HideSolutionNode = FALSE
	EndGlobalSection
	GlobalSection(ExtensibilityGlobals) = postSolution
		SolutionGuid = {3533F2DC-E981-4A60-BAA7-590A12D3273E}
	EndGlobalSection
EndGlobal
