
Microsoft Visual Studio Solution File, Format Version 12.00
# Visual Studio Version 16
VisualStudioVersion = 16.0.31025.194
MinimumVisualStudioVersion = 10.0.40219.1
Project("{FAE04EC0-301F-11D3-BF4B-00C04F79EFBC}") = "BulkyBook", "BulkyBook\BulkyBook.csproj", "{03DA7657-2CFE-4AA0-B3FF-43229D27871A}"
EndProject
Global
	GlobalSection(SolutionConfigurationPlatforms) = preSolution
		Debug|Any CPU = Debug|Any CPU
		Release|Any CPU = Release|Any CPU
	EndGlobalSection
	GlobalSection(ProjectConfigurationPlatforms) = postSolution
		{03DA7657-2CFE-4AA0-B3FF-43229D27871A}.Debug|Any CPU.ActiveCfg = Debug|Any CPU
		{03DA7657-2CFE-4AA0-B3FF-43229D27871A}.Debug|Any CPU.Build.0 = Debug|Any CPU
		{03DA7657-2CFE-4AA0-B3FF-43229D27871A}.Release|Any CPU.ActiveCfg = Release|Any CPU
		{03DA7657-2CFE-4AA0-B3FF-43229D27871A}.Release|Any CPU.Build.0 = Release|Any CPU
	EndGlobalSection
	GlobalSection(SolutionProperties) = preSolution
		HideSolutionNode = FALSE
	EndGlobalSection
	GlobalSection(ExtensibilityGlobals) = postSolution
		SolutionGuid = {3533F2DC-E981-4A60-BAA7-590A12D3273E}
	EndGlobalSection
EndGlobal
